github.com/pkg/errors v0.9.1 h1:FEBLx1zS214owpjy7qsBeixbURkuhQAwrK5UwLGTwt4=
github.com/pkg/errors v0.9.1/go.mod h1:bwawxfHBFNV+L2hUp1rHADufV3IMtnDRdf1r5NINEl0=
golang.org/x/crypto v0.0.0-20190308221718-c2843e01e9fb h1:NNgQTbyRjRbD1sm5a0iEA2OwICeewODk+k/dAa9HigLX6dKzb0S/59peSj+eTFZ7KLq6joNYF9/30W6gK+wPVQ==
golang.org/x/crypto v0.0.0-20190308221718-c2843e01e9fb/go.mod h1:fxJOLhZjGl/BOu1+kKJ5EWlH9MwEFY5WXa5D7L+5hzwurXKrZDj2lgdGH25wFHmR03N92eKB+gvD9wQt+5vq7w==
