GEM
  remote: https://rubygems.org/
  specs:
    actionpack (6.0.0)
      activesupport (= 6.0.0)
      rack (~> 2.0, >= 2.0.8)
      rack-test (>= 0.6.3)
    activesupport (6.0.0)
      concurrent-ruby (~> 1.0, >= 1.0.2)
    concurrent-ruby (1.1.7)
    mini_portile2 (2.4.0)
    nokogiri (1.10.10)
      mini_portile2 (~> 2.4.0)
    rack (2.2.3)
    rack-test (1.1.0)
      rack (>= 1.0, < 3)
    rails (6.0.0)
      actionpack (= 6.0.0)
      activerecord (= 6.0.0)
      railties (= 6.0.0)
    railties (6.0.0)
      actionpack (= 6.0.0)
      activesupport (= 6.0.0)

PLATFORMS
  ruby

DEPENDENCIES
  nokogiri (~> 1.10)
  rails (~> 6.0.0)

BUNDLED WITH
   2.1.4
