# This file is automatically @generated by Cargo.
# It is not intended for manual editing.
version = 3

[[package]]
name = "dep-a"
version = "1.0.0"
source = "registry+https://github.com/rust-lang/crates.io-index"
checksum = "65b5d2c77047f72aa2c0ab54c51433d96d62c68c4b26b6d46be9617f565348bb"
dependencies = [
 "dep-b",
]

[[package]]
name = "dep-b"
version = "0.2.1"
source = "registry+https://github.com/rust-lang/crates.io-index"
checksum = "3d831b06d541255a7df63d4c26d9037ff38bcb3712730a8f1e7a75d6eac869bd"
dependencies = [
 "dep-c",
]

[[package]]
name = "dep-c"
version = "0.4.2"
source = "registry+https://github.com/rust-lang/crates.io-index"
checksum = "c7e53186d450da0f5f6f1db8287cb427380c2939fcf91c49cfa3a181b39bbc99"

[[package]]
name = "demo-crate"
version = "0.1.0"
dependencies = [
 "dep-a",
]
