# THIS IS AN AUTOGENERATED FILE. DO NOT EDIT THIS FILE DIRECTLY.
# yarn lockfile v1


ansi-styles@^3.2.1:
  version "3.2.1"
  resolved "https://registry.yarnpkg.com/ansi-styles/-/ansi-styles-3.2.1.tgz#71c32d02bc5a5c0da8d864c9d3de39118a60d75e"
  integrity sha512-hmr2Hh6OCIfNd147ac9tGfsR6X9YHO+HNXdnIVBs8zrYTNuHy/6ONLTbTmlumQCKL9FkgIj9gzBRS4qd1iLoSQ==
  dependencies:
    color-convert "^1.9.0"

chalk@^2.4.2:
  version "2.4.2"
  resolved "https://registry.yarnpkg.com/chalk/-/chalk-2.4.2.tgz#9dd183dc0cb2ccef0e4edb0b086dc274e6aef239"
  integrity sha512-qz4O+AZlm2vR0WUdNNWjh3GyR/3ntPGJpF0mXYOJmhsGyMhyAObFhwq/M2LZflU07PHVJTVK3yG0OcXBf+IDoQ==
  dependencies:
    ansi-styles "^3.2.1"
    escape-string-regexp "^1.0.5"
    supports-color "^5.3.0"

color-convert@^1.9.0:
  version "1.9.3"
  resolved "https://registry.yarnpkg.com/color-convert/-/color-convert-1.9.3.tgz#7d887530b78ab1577a23d66560f14018364ee53e"
  integrity sha512-OQZRYpsedAFNW8tnBpbkdmhaCc8SVBF+eKxKIkWdtfzfSp9u+5KKb2Yx6punMfu52+WA8YziLchmCsvjL2s2pQ==
  dependencies:
    color-name "1.1.3"

color-name@~1.1.4:
  version "1.1.4"
  resolved "https://registry.yarnpkg.com/color-name/-/color-name-1.1.4.tgz#01818546d4382ce520cb8f3dd2a4e9f6732b352b"
  integrity sha512-Qqb3QOQyfrpnw8vNLvkZdJEv09jXMnR6PSH4yXZownUWsi1/jph/1jPTXcWfvqNAl7ZwjK1XvG9fjD4rsTrA2g==

color-name@1.1.3:
  version "1.1.3"
  resolved "https://registry.yarnpkg.com/color-name/-/color-name-1.1.3.tgz#b8194cbdfd2efc14cbc6de5f37b1bd49135dc80f"
  integrity sha512-H41mUzB7xHSM8aSoeHujGtgsE3zXmwxhKnjB4K66ohfZYYk2KNX/v0OG7oyDQrgzqY+tyKc2BDard+VvPNOkTQ==

deep-extend@^0.6.0:
  version "0.6.0"
  resolved "https://registry.yarnpkg.com/deep-extend/-/deep-extend-0.6.0.tgz#943109f24c86e2658b1498e9dc6b0af74c055cff"
  integrity sha512-O5VpmuFn3/RuQ/AZ/5GJNOm39SxtMlpEhveTq/s/lM8N+Rqk6hzNs7pqDvqvQ5WE9EylBgm2Xai2UiowOhZYfA==

escape-string-regexp@^1.0.5:
  version "1.0.5"
  resolved "https://registry.yarnpkg.com/escape-string-regexp/-/escape-string-regexp-1.0.5.tgz#5f82e80028a674f128a9af7a270e2b8089877e4b"
  integrity sha512-8QpmvGzFFdC91NIkYuVEGETwNW7y2kaYhiRxuBXGAztyMtQ1tNJD6veATXhSeFyyQ91cVwk3nNC+nkKdjKlRLA==

has-flag@^3.0.0:
  version "3.0.0"
  resolved "https://registry.yarnpkg.com/has-flag/-/has-flag-3.0.0.tgz#5087b1253989e4833b73e225dae2c1eb7fdfe79a"
  integrity sha512-6qB9AyIXc4F1HTiTZgxZaJkJOteMmq+BXw/u5SEeZNMNcFSKTsYws0RWaTQltNIYjhxLTsLvEcDHYKiAXubM7w==

ini@~1.3.0:
  version "1.3.5"
  resolved "https://registry.yarnpkg.com/ini/-/ini-1.3.5.tgz#1adb4e8309992e2c3d8e5b281a3c88b4492fb68f"
  integrity sha512-z2lK5E3dz/0TNU8YcsEYBGg01RY8vrwIRmx3eGaKwiKMCZx0xA7HleuAb0Ti3crrDefpOaW1vj2ef4Jz6sLsfg==

lodash@^4.17.15:
  version "4.17.15"
  resolved "https://registry.yarnpkg.com/lodash/-/lodash-4.17.15.tgz#10ddbe5e22e4598fc7e6f85dabc422ac163c34e4"
  integrity sha512-bHhHudRbNuZe3jVO6jVovvm9BHSHmvsDmDqcXe5TSag83mzeotcrnXPiBCLjFvELKKrD+Vp8DMSkviazqJinfg==

minimist@^1.2.0:
  version "1.2.0"
  resolved "https://registry.yarnpkg.com/minimist/-/minimist-1.2.0.tgz#03701fdfa877e08bd891b94d63869937c5c31fd0"
  integrity sha512-HGvfrfQTmHM607SDr94nGa3tHeL2nk2Ril6Np919Qq2VnRJQ+YmkymrB77BwQ73EoCHLQB3OzTPpMD4ylKUNtQ==

rc@^1.2.8:
  version "1.2.8"
  resolved "https://registry.yarnpkg.com/rc/-/rc-1.2.8.tgz#f19b380f9a7cf90eb5a2d2f58a2503b02fa3c156"
  integrity sha512-L/FEycwurk64N6jIREaDfF6pJJVzb4ls8t4jUVpliyL3BrBfv1gvPRO6cjVXwErx3xd/FzLUIMsVZ/q1hxnnsA==
  dependencies:
    deep-extend "^0.6.0"
    ini "~1.3.0"
    minimist "^1.2.0"
    strip-json-comments "~2.0.1"

strip-json-comments@~2.0.1:
  version "2.0.1"
  resolved "https://registry.yarnpkg.com/strip-json-comments/-/strip-json-comments-2.0.1.tgz#227a7ed0e81eccb566bea58aed8ed26ed5f98257"
  integrity sha512-WCRMVEFS5rAA9uPo6HuHtmR+NPLDQZsXiaszViDaL0A5o0bL5BrOfw5t0HdHW0Dc5Q+/K3xTzd/NZf9BK34d8w==

supports-color@^5.3.0:
  version "5.5.0"
  resolved "https://registry.yarnpkg.com/supports-color/-/supports-color-5.5.0.tgz#38f342bcd336bd69a79b8ed4f2a5f1d05b864c55"
  integrity sha512-eJFMjGEVbfSA+2nl8nh+jzVAR7qpeHquMCCNYnGseQul5n69A0EKZolkwLmXZIOt80qVxYjH1xaHxh/FCddynw==
  dependencies:
    has-flag "^3.0.0"
